Microsoft Visual Studio Solution File, Format Version 11.00
# Visual Studio 2008

Project("{BE596B50-8192-C360-854E-524A7F5F881B}") = "MyGame(1125)", "Assembly-CSharp-firstpass.csproj", "{D49E49F7-AA0B-490B-E953-D22C3EB6D14D}"
EndProject
Project("{BE596B50-8192-C360-854E-524A7F5F881B}") = "MyGame(1125)", "Assembly-CSharp.csproj", "{B665B4AA-E5CA-BB2D-1193-60AB5288DF47}"
EndProject
Project("{BE596B50-8192-C360-854E-524A7F5F881B}") = "MyGame(1125)", "Assembly-CSharp-Editor.csproj", "{A43C0EEF-4F71-959B-E153-A55917EF4089}"
EndProject
Global
	GlobalSection(SolutionConfigurationPlatforms) = preSolution
		Debug|Any CPU = Debug|Any CPU
		Release|Any CPU = Release|Any CPU
	EndGlobalSection
	GlobalSection(ProjectConfigurationPlatforms) = postSolution
		{D49E49F7-AA0B-490B-E953-D22C3EB6D14D}.Debug|Any CPU.ActiveCfg = Debug|Any CPU
		{D49E49F7-AA0B-490B-E953-D22C3EB6D14D}.Debug|Any CPU.Build.0 = Debug|Any CPU
		{D49E49F7-AA0B-490B-E953-D22C3EB6D14D}.Release|Any CPU.ActiveCfg = Release|Any CPU
		{D49E49F7-AA0B-490B-E953-D22C3EB6D14D}.Release|Any CPU.Build.0 = Release|Any CPU
		{B665B4AA-E5CA-BB2D-1193-60AB5288DF47}.Debug|Any CPU.ActiveCfg = Debug|Any CPU
		{B665B4AA-E5CA-BB2D-1193-60AB5288DF47}.Debug|Any CPU.Build.0 = Debug|Any CPU
		{B665B4AA-E5CA-BB2D-1193-60AB5288DF47}.Release|Any CPU.ActiveCfg = Release|Any CPU
		{B665B4AA-E5CA-BB2D-1193-60AB5288DF47}.Release|Any CPU.Build.0 = Release|Any CPU
		{A43C0EEF-4F71-959B-E153-A55917EF4089}.Debug|Any CPU.ActiveCfg = Debug|Any CPU
		{A43C0EEF-4F71-959B-E153-A55917EF4089}.Debug|Any CPU.Build.0 = Debug|Any CPU
		{A43C0EEF-4F71-959B-E153-A55917EF4089}.Release|Any CPU.ActiveCfg = Release|Any CPU
		{A43C0EEF-4F71-959B-E153-A55917EF4089}.Release|Any CPU.Build.0 = Release|Any CPU
	EndGlobalSection
	GlobalSection(SolutionProperties) = preSolution
		HideSolutionNode = FALSE
	EndGlobalSection
																																																																																																																																																																																																																																																																																													GlobalSection(MonoDevelopProperties) = preSolution
		StartupItem = Assembly-CSharp.csproj
		Policies = $0
		$0.TextStylePolicy = $1
		$1.inheritsSet = null
		$1.scope = text/x-csharp
		$0.CSharpFormattingPolicy = $2
		$2.inheritsSet = Mono
		$2.inheritsScope = text/x-csharp
		$2.scope = text/x-csharp
		$0.TextStylePolicy = $3
		$3.FileWidth = 120
		$3.TabWidth = 4
		$3.IndentWidth = 4
		$3.EolMarker = Unix
		$3.inheritsSet = Mono
		$3.inheritsScope = text/plain
		$3.scope = text/plain
	EndGlobalSection

EndGlobal
